// !$*UTF8*$!
{
	archiveVersion = 1;
	classes = {
	};
	objectVersion = 50;
	objects = {

/* Begin PBXBuildFile section */
		C843531C2455B4C8009F89E0 /* README.md in Resources */ = {isa = PBXBuildFile; fileRef = C843531B2455B4C8009F89E0 /* README.md */; };
		C87C07EB245482DC00E9E916 /* AppDelegate.swift in Sources */ = {isa = PBXBuildFile; fileRef = C87C07EA245482DC00E9E916 /* AppDelegate.swift */; };
		C87C07ED245482DC00E9E916 /* SceneDelegate.swift in Sources */ = {isa = PBXBuildFile; fileRef = C87C07EC245482DC00E9E916 /* SceneDelegate.swift */; };
		C87C07F0245482DC00E9E916 /* Memo.xcdatamodeld in Sources */ = {isa = PBXBuildFile; fileRef = C87C07EE245482DC00E9E916 /* Memo.xcdatamodeld */; };
		C87C07F2245482DC00E9E916 /* ContentView.swift in Sources */ = {isa = PBXBuildFile; fileRef = C87C07F1245482DC00E9E916 /* ContentView.swift */; };
		C87C07F4245482DF00E9E916 /* Assets.xcassets in Resources */ = {isa = PBXBuildFile; fileRef = C87C07F3245482DF00E9E916 /* Assets.xcassets */; };
		C87C07F7245482DF00E9E916 /* Preview Assets.xcassets in Resources */ = {isa = PBXBuildFile; fileRef = C87C07F6245482DF00E9E916 /* Preview Assets.xcassets */; };
		C87C07FA245482DF00E9E916 /* LaunchScreen.storyboard in Resources */ = {isa = PBXBuildFile; fileRef = C87C07F8245482DF00E9E916 /* LaunchScreen.storyboard */; };
		C87C08022454833700E9E916 /* .gitignore in Resources */ = {isa = PBXBuildFile; fileRef = C87C08012454833700E9E916 /* .gitignore */; };
		C87C08052454891800E9E916 /* Todo+CoreDataClass.swift in Sources */ = {isa = PBXBuildFile; fileRef = C87C08032454891800E9E916 /* Todo+CoreDataClass.swift */; };
		C87C080D2455AAEB00E9E916 /* Todo+CoreDataProperties.swift in Sources */ = {isa = PBXBuildFile; fileRef = C87C080C2455AAEB00E9E916 /* Todo+CoreDataProperties.swift */; };
/* End PBXBuildFile section */

/* Begin PBXFileReference section */
		C843531B2455B4C8009F89E0 /* README.md */ = {isa = PBXFileReference; lastKnownFileType = net.daringfireball.markdown; path = README.md; sourceTree = "<group>"; };
		C87C07E7245482DC00E9E916 /* Memo.app */ = {isa = PBXFileReference; explicitFileType = wrapper.application; includeInIndex = 0; path = Memo.app; sourceTree = BUILT_PRODUCTS_DIR; };
		C87C07EA245482DC00E9E916 /* AppDelegate.swift */ = {isa = PBXFileReference; lastKnownFileType = sourcecode.swift; path = AppDelegate.swift; sourceTree = "<group>"; };
		C87C07EC245482DC00E9E916 /* SceneDelegate.swift */ = {isa = PBXFileReference; lastKnownFileType = sourcecode.swift; path = SceneDelegate.swift; sourceTree = "<group>"; };
		C87C07EF245482DC00E9E916 /* Memo.xcdatamodel */ = {isa = PBXFileReference; lastKnownFileType = wrapper.xcdatamodel; path = Memo.xcdatamodel; sourceTree = "<group>"; };
		C87C07F1245482DC00E9E916 /* ContentView.swift */ = {isa = PBXFileReference; lastKnownFileType = sourcecode.swift; path = ContentView.swift; sourceTree = "<group>"; };
		C87C07F3245482DF00E9E916 /* Assets.xcassets */ = {isa = PBXFileReference; lastKnownFileType = folder.assetcatalog; path = Assets.xcassets; sourceTree = "<group>"; };
		C87C07F6245482DF00E9E916 /* Preview Assets.xcassets */ = {isa = PBXFileReference; lastKnownFileType = folder.assetcatalog; path = "Preview Assets.xcassets"; sourceTree = "<group>"; };
		C87C07F9245482DF00E9E916 /* Base */ = {isa = PBXFileReference; lastKnownFileType = file.storyboard; name = Base; path = Base.lproj/LaunchScreen.storyboard; sourceTree = "<group>"; };
		C87C07FB245482DF00E9E916 /* Info.plist */ = {isa = PBXFileReference; lastKnownFileType = text.plist.xml; path = Info.plist; sourceTree = "<group>"; };
		C87C08012454833700E9E916 /* .gitignore */ = {isa = PBXFileReference; lastKnownFileType = text; path = .gitignore; sourceTree = "<group>"; };
		C87C08032454891800E9E916 /* Todo+CoreDataClass.swift */ = {isa = PBXFileReference; lastKnownFileType = sourcecode.swift; path = "Todo+CoreDataClass.swift"; sourceTree = "<group>"; };
		C87C080C2455AAEB00E9E916 /* Todo+CoreDataProperties.swift */ = {isa = PBXFileReference; lastKnownFileType = sourcecode.swift; path = "Todo+CoreDataProperties.swift"; sourceTree = "<group>"; };
/* End PBXFileReference section */

/* Begin PBXFrameworksBuildPhase section */
		C87C07E4245482DC00E9E916 /* Frameworks */ = {
			isa = PBXFrameworksBuildPhase;
			buildActionMask = 2147483647;
			files = (
			);
			runOnlyForDeploymentPostprocessing = 0;
		};
/* End PBXFrameworksBuildPhase section */

/* Begin PBXGroup section */
		C87C07DE245482DC00E9E916 = {
			isa = PBXGroup;
			children = (
				C843531B2455B4C8009F89E0 /* README.md */,
				C87C08012454833700E9E916 /* .gitignore */,
				C87C07E9245482DC00E9E916 /* Memo */,
				C87C07E8245482DC00E9E916 /* Products */,
			);
			sourceTree = "<group>";
		};
		C87C07E8245482DC00E9E916 /* Products */ = {
			isa = PBXGroup;
			children = (
				C87C07E7245482DC00E9E916 /* Memo.app */,
			);
			name = Products;
			sourceTree = "<group>";
		};
		C87C07E9245482DC00E9E916 /* Memo */ = {
			isa = PBXGroup;
			children = (
				C87C08072454893000E9E916 /* Todo */,
				C87C07EA245482DC00E9E916 /* AppDelegate.swift */,
				C87C07EC245482DC00E9E916 /* SceneDelegate.swift */,
				C87C07F1245482DC00E9E916 /* ContentView.swift */,
				C87C07F3245482DF00E9E916 /* Assets.xcassets */,
				C87C07F8245482DF00E9E916 /* LaunchScreen.storyboard */,
				C87C07FB245482DF00E9E916 /* Info.plist */,
				C87C07EE245482DC00E9E916 /* Memo.xcdatamodeld */,
				C87C07F5245482DF00E9E916 /* Preview Content */,
			);
			path = Memo;
			sourceTree = "<group>";
		};
		C87C07F5245482DF00E9E916 /* Preview Content */ = {
			isa = PBXGroup;
			children = (
				C87C07F6245482DF00E9E916 /* Preview Assets.xcassets */,
			);
			path = "Preview Content";
			sourceTree = "<group>";
		};
		C87C08072454893000E9E916 /* Todo */ = {
			isa = PBXGroup;
			children = (
				C87C080C2455AAEB00E9E916 /* Todo+CoreDataProperties.swift */,
				C87C08032454891800E9E916 /* Todo+CoreDataClass.swift */,
			);
			path = Todo;
			sourceTree = "<group>";
		};
/* End PBXGroup section */

/* Begin PBXNativeTarget section */
		C87C07E6245482DC00E9E916 /* Memo */ = {
			isa = PBXNativeTarget;
			buildConfigurationList = C87C07FE245482DF00E9E916 /* Build configuration list for PBXNativeTarget "Memo" */;
			buildPhases = (
				C87C07E3245482DC00E9E916 /* Sources */,
				C87C07E4245482DC00E9E916 /* Frameworks */,
				C87C07E5245482DC00E9E916 /* Resources */,
			);
			buildRules = (
			);
			dependencies = (
			);
			name = Memo;
			productName = Memo;
			productReference = C87C07E7245482DC00E9E916 /* Memo.app */;
			productType = "com.apple.product-type.application";
		};
/* End PBXNativeTarget section */

/* Begin PBXProject section */
		C87C07DF245482DC00E9E916 /* Project object */ = {
			isa = PBXProject;
			attributes = {
				LastSwiftUpdateCheck = 1140;
				LastUpgradeCheck = 1140;
				ORGANIZATIONNAME = "Artem Kovardin";
				TargetAttributes = {
					C87C07E6245482DC00E9E916 = {
						CreatedOnToolsVersion = 11.4.1;
					};
				};
			};
			buildConfigurationList = C87C07E2245482DC00E9E916 /* Build configuration list for PBXProject "Memo" */;
			compatibilityVersion = "Xcode 9.3";
			developmentRegion = en;
			hasScannedForEncodings = 0;
			knownRegions = (
				en,
				Base,
			);
			mainGroup = C87C07DE245482DC00E9E916;
			productRefGroup = C87C07E8245482DC00E9E916 /* Products */;
			projectDirPath = "";
			projectRoot = "";
			targets = (
				C87C07E6245482DC00E9E916 /* Memo */,
			);
		};
/* End PBXProject section */

/* Begin PBXResourcesBuildPhase section */
		C87C07E5245482DC00E9E916 /* Resources */ = {
			isa = PBXResourcesBuildPhase;
			buildActionMask = 2147483647;
			files = (
				C87C08022454833700E9E916 /* .gitignore in Resources */,
				C87C07FA245482DF00E9E916 /* LaunchScreen.storyboard in Resources */,
				C843531C2455B4C8009F89E0 /* README.md in Resources */,
				C87C07F7245482DF00E9E916 /* Preview Assets.xcassets in Resources */,
				C87C07F4245482DF00E9E916 /* Assets.xcassets in Resources */,
			);
			runOnlyForDeploymentPostprocessing = 0;
		};
/* End PBXResourcesBuildPhase section */

/* Begin PBXSourcesBuildPhase section */
		C87C07E3245482DC00E9E916 /* Sources */ = {
			isa = PBXSourcesBuildPhase;
			buildActionMask = 2147483647;
			files = (
				C87C07EB245482DC00E9E916 /* AppDelegate.swift in Sources */,
				C87C07F0245482DC00E9E916 /* Memo.xcdatamodeld in Sources */,
				C87C07F2245482DC00E9E916 /* ContentView.swift in Sources */,
				C87C08052454891800E9E916 /* Todo+CoreDataClass.swift in Sources */,
				C87C07ED245482DC00E9E916 /* SceneDelegate.swift in Sources */,
				C87C080D2455AAEB00E9E916 /* Todo+CoreDataProperties.swift in Sources */,
			);
			runOnlyForDeploymentPostprocessing = 0;
		};
/* End PBXSourcesBuildPhase section */

/* Begin PBXVariantGroup section */
		C87C07F8245482DF00E9E916 /* LaunchScreen.storyboard */ = {
			isa = PBXVariantGroup;
			children = (
				C87C07F9245482DF00E9E916 /* Base */,
			);
			name = LaunchScreen.storyboard;
			sourceTree = "<group>";
		};
/* End PBXVariantGroup section */

/* Begin XCBuildConfiguration section */
		C87C07FC245482DF00E9E916 /* Debug */ = {
			isa = XCBuildConfiguration;
			buildSettings = {
				ALWAYS_SEARCH_USER_PATHS = NO;
				CLANG_ANALYZER_NONNULL = YES;
				CLANG_ANALYZER_NUMBER_OBJECT_CONVERSION = YES_AGGRESSIVE;
				CLANG_CXX_LANGUAGE_STANDARD = "gnu++14";
				CLANG_CXX_LIBRARY = "libc++";
				CLANG_ENABLE_MODULES = YES;
				CLANG_ENABLE_OBJC_ARC = YES;
				CLANG_ENABLE_OBJC_WEAK = YES;
				CLANG_WARN_BLOCK_CAPTURE_AUTORELEASING = YES;
				CLANG_WARN_BOOL_CONVERSION = YES;
				CLANG_WARN_COMMA = YES;
				CLANG_WARN_CONSTANT_CONVERSION = YES;
				CLANG_WARN_DEPRECATED_OBJC_IMPLEMENTATIONS = YES;
				CLANG_WARN_DIRECT_OBJC_ISA_USAGE = YES_ERROR;
				CLANG_WARN_DOCUMENTATION_COMMENTS = YES;
				CLANG_WARN_EMPTY_BODY = YES;
				CLANG_WARN_ENUM_CONVERSION = YES;
				CLANG_WARN_INFINITE_RECURSION = YES;
				CLANG_WARN_INT_CONVERSION = YES;
				CLANG_WARN_NON_LITERAL_NULL_CONVERSION = YES;
				CLANG_WARN_OBJC_IMPLICIT_RETAIN_SELF = YES;
				CLANG_WARN_OBJC_LITERAL_CONVERSION = YES;
				CLANG_WARN_OBJC_ROOT_CLASS = YES_ERROR;
				CLANG_WARN_RANGE_LOOP_ANALYSIS = YES;
				CLANG_WARN_STRICT_PROTOTYPES = YES;
				CLANG_WARN_SUSPICIOUS_MOVE = YES;
				CLANG_WARN_UNGUARDED_AVAILABILITY = YES_AGGRESSIVE;
				CLANG_WARN_UNREACHABLE_CODE = YES;
				CLANG_WARN__DUPLICATE_METHOD_MATCH = YES;
				COPY_PHASE_STRIP = NO;
				DEBUG_INFORMATION_FORMAT = dwarf;
				ENABLE_STRICT_OBJC_MSGSEND = YES;
				ENABLE_TESTABILITY = YES;
				GCC_C_LANGUAGE_STANDARD = gnu11;
				GCC_DYNAMIC_NO_PIC = NO;
				GCC_NO_COMMON_BLOCKS = YES;
				GCC_OPTIMIZATION_LEVEL = 0;
				GCC_PREPROCESSOR_DEFINITIONS = (
					"DEBUG=1",
					"$(inherited)",
				);
				GCC_WARN_64_TO_32_BIT_CONVERSION = YES;
				GCC_WARN_ABOUT_RETURN_TYPE = YES_ERROR;
				GCC_WARN_UNDECLARED_SELECTOR = YES;
				GCC_WARN_UNINITIALIZED_AUTOS = YES_AGGRESSIVE;
				GCC_WARN_UNUSED_FUNCTION = YES;
				GCC_WARN_UNUSED_VARIABLE = YES;
				IPHONEOS_DEPLOYMENT_TARGET = 13.4;
				MTL_ENABLE_DEBUG_INFO = INCLUDE_SOURCE;
				MTL_FAST_MATH = YES;
				ONLY_ACTIVE_ARCH = YES;
				SDKROOT = iphoneos;
				SWIFT_ACTIVE_COMPILATION_CONDITIONS = DEBUG;
				SWIFT_OPTIMIZATION_LEVEL = "-Onone";
			};
			name = Debug;
		};
		C87C07FD245482DF00E9E916 /* Release */ = {
			isa = XCBuildConfiguration;
			buildSettings = {
				ALWAYS_SEARCH_USER_PATHS = NO;
				CLANG_ANALYZER_NONNULL = YES;
				CLANG_ANALYZER_NUMBER_OBJECT_CONVERSION = YES_AGGRESSIVE;
				CLANG_CXX_LANGUAGE_STANDARD = "gnu++14";
				CLANG_CXX_LIBRARY = "libc++";
				CLANG_ENABLE_MODULES = YES;
				CLANG_ENABLE_OBJC_ARC = YES;
				CLANG_ENABLE_OBJC_WEAK = YES;
				CLANG_WARN_BLOCK_CAPTURE_AUTORELEASING = YES;
				CLANG_WARN_BOOL_CONVERSION = YES;
				CLANG_WARN_COMMA = YES;
				CLANG_WARN_CONSTANT_CONVERSION = YES;
				CLANG_WARN_DEPRECATED_OBJC_IMPLEMENTATIONS = YES;
				CLANG_WARN_DIRECT_OBJC_ISA_USAGE = YES_ERROR;
				CLANG_WARN_DOCUMENTATION_COMMENTS = YES;
				CLANG_WARN_EMPTY_BODY = YES;
				CLANG_WARN_ENUM_CONVERSION = YES;
				CLANG_WARN_INFINITE_RECURSION = YES;
				CLANG_WARN_INT_CONVERSION = YES;
				CLANG_WARN_NON_LITERAL_NULL_CONVERSION = YES;
				CLANG_WARN_OBJC_IMPLICIT_RETAIN_SELF = YES;
				CLANG_WARN_OBJC_LITERAL_CONVERSION = YES;
				CLANG_WARN_OBJC_ROOT_CLASS = YES_ERROR;
				CLANG_WARN_RANGE_LOOP_ANALYSIS = YES;
				CLANG_WARN_STRICT_PROTOTYPES = YES;
				CLANG_WARN_SUSPICIOUS_MOVE = YES;
				CLANG_WARN_UNGUARDED_AVAILABILITY = YES_AGGRESSIVE;
				CLANG_WARN_UNREACHABLE_CODE = YES;
				CLANG_WARN__DUPLICATE_METHOD_MATCH = YES;
				COPY_PHASE_STRIP = NO;
				DEBUG_INFORMATION_FORMAT = "dwarf-with-dsym";
				ENABLE_NS_ASSERTIONS = NO;
				ENABLE_STRICT_OBJC_MSGSEND = YES;
				GCC_C_LANGUAGE_STANDARD = gnu11;
				GCC_NO_COMMON_BLOCKS = YES;
				GCC_WARN_64_TO_32_BIT_CONVERSION = YES;
				GCC_WARN_ABOUT_RETURN_TYPE = YES_ERROR;
				GCC_WARN_UNDECLARED_SELECTOR = YES;
				GCC_WARN_UNINITIALIZED_AUTOS = YES_AGGRESSIVE;
				GCC_WARN_UNUSED_FUNCTION = YES;
				GCC_WARN_UNUSED_VARIABLE = YES;
				IPHONEOS_DEPLOYMENT_TARGET = 13.4;
				MTL_ENABLE_DEBUG_INFO = NO;
				MTL_FAST_MATH = YES;
				SDKROOT = iphoneos;
				SWIFT_COMPILATION_MODE = wholemodule;
				SWIFT_OPTIMIZATION_LEVEL = "-O";
				VALIDATE_PRODUCT = YES;
			};
			name = Release;
		};
		C87C07FF245482DF00E9E916 /* Debug */ = {
			isa = XCBuildConfiguration;
			buildSettings = {
				ASSETCATALOG_COMPILER_APPICON_NAME = AppIcon;
				CODE_SIGN_STYLE = Automatic;
				DEVELOPMENT_ASSET_PATHS = "\"Memo/Preview Content\"";
				DEVELOPMENT_TEAM = 25K6PDW2HY;
				ENABLE_PREVIEWS = YES;
				INFOPLIST_FILE = Memo/Info.plist;
				LD_RUNPATH_SEARCH_PATHS = (
					"$(inherited)",
					"@executable_path/Frameworks",
				);
				PRODUCT_BUNDLE_IDENTIFIER = com.4gophers.Memo;
				PRODUCT_NAME = "$(TARGET_NAME)";
				SWIFT_VERSION = 5.0;
				TARGETED_DEVICE_FAMILY = "1,2";
			};
			name = Debug;
		};
		C87C0800245482DF00E9E916 /* Release */ = {
			isa = XCBuildConfiguration;
			buildSettings = {
				ASSETCATALOG_COMPILER_APPICON_NAME = AppIcon;
				CODE_SIGN_STYLE = Automatic;
				DEVELOPMENT_ASSET_PATHS = "\"Memo/Preview Content\"";
				DEVELOPMENT_TEAM = 25K6PDW2HY;
				ENABLE_PREVIEWS = YES;
				INFOPLIST_FILE = Memo/Info.plist;
				LD_RUNPATH_SEARCH_PATHS = (
					"$(inherited)",
					"@executable_path/Frameworks",
				);
				PRODUCT_BUNDLE_IDENTIFIER = com.4gophers.Memo;
				PRODUCT_NAME = "$(TARGET_NAME)";
				SWIFT_VERSION = 5.0;
				TARGETED_DEVICE_FAMILY = "1,2";
			};
			name = Release;
		};
/* End XCBuildConfiguration section */

/* Begin XCConfigurationList section */
		C87C07E2245482DC00E9E916 /* Build configuration list for PBXProject "Memo" */ = {
			isa = XCConfigurationList;
			buildConfigurations = (
				C87C07FC245482DF00E9E916 /* Debug */,
				C87C07FD245482DF00E9E916 /* Release */,
			);
			defaultConfigurationIsVisible = 0;
			defaultConfigurationName = Release;
		};
		C87C07FE245482DF00E9E916 /* Build configuration list for PBXNativeTarget "Memo" */ = {
			isa = XCConfigurationList;
			buildConfigurations = (
				C87C07FF245482DF00E9E916 /* Debug */,
				C87C0800245482DF00E9E916 /* Release */,
			);
			defaultConfigurationIsVisible = 0;
			defaultConfigurationName = Release;
		};
/* End XCConfigurationList section */

/* Begin XCVersionGroup section */
		C87C07EE245482DC00E9E916 /* Memo.xcdatamodeld */ = {
			isa = XCVersionGroup;
			children = (
				C87C07EF245482DC00E9E916 /* Memo.xcdatamodel */,
			);
			currentVersion = C87C07EF245482DC00E9E916 /* Memo.xcdatamodel */;
			path = Memo.xcdatamodeld;
			sourceTree = "<group>";
			versionGroupType = wrapper.xcdatamodel;
		};
/* End XCVersionGroup section */
	};
	rootObject = C87C07DF245482DC00E9E916 /* Project object */;
}
